{
  "name": "shop",
  "version": "0.0.1",
  "lockfileVersion": 1,
  "requires": true,
  "dependencies": {
    "autoprefixer-core": {
      "version": "5.2.1",
      "resolved": "https://registry.npmjs.org/autoprefixer-core/-/autoprefixer-core-5.2.1.tgz",
      "integrity": "sha1-5kDEFK5Bmq4hwa1DyOoPPbgqVm0=",
      "requires": {
        "browserslist": "~0.4.0",
        "caniuse-db": "^1.0.30000214",
        "num2fraction": "^1.1.0",
        "postcss": "~4.1.12"
      }
    },
    "browserslist": {
      "version": "0.4.0",
      "resolved": "https://registry.npmjs.org/browserslist/-/browserslist-0.4.0.tgz",
      "integrity": "sha1-O9SrkZncG5FQ1NbbpNnTqrvIbdQ=",
      "requires": {
        "caniuse-db": "^1.0.30000153"
      }
    },
    "caniuse-db": {
      "version": "1.0.30000692",
      "resolved": "https://registry.npmjs.org/caniuse-db/-/caniuse-db-1.0.30000692.tgz",
      "integrity": "sha1-Pampk1OtvOoeFCuZ9g7MYhbfR6U="
    },
    "num2fraction": {
      "version": "1.2.2",
      "resolved": "https://registry.npmjs.org/num2fraction/-/num2fraction-1.2.2.tgz",
      "integrity": "sha1-b2gragJ6Tp3fpFZM0lidHU5mnt4="
    },
    "postcss": {
      "version": "4.1.16",
      "resolved": "https://registry.npmjs.org/postcss/-/postcss-4.1.16.tgz",
      "integrity": "sha1-TESbTIr53zyvbTf44eV10DYXWNw=",
      "requires": {
        "es6-promise": "~2.3.0",
        "js-base64": "~2.1.8",
        "source-map": "~0.4.2"
      }
    }
  }
}
